// !$*UTF8*$!
{
	archiveVersion = 1;
	classes = {
	};
	objectVersion = 56;
	objects = {

/* Begin PBXBuildFile section */
		9A0715812B6FA4CC00C5933A /* YS Display-Regular.ttf in Resources */ = {isa = PBXBuildFile; fileRef = 9A0715802B6FA42200C5933A /* YS Display-Regular.ttf */; };
		9A0715822B6FA4CF00C5933A /* YS Display-Bold.ttf in Resources */ = {isa = PBXBuildFile; fileRef = 9A07157F2B6FA41700C5933A /* YS Display-Bold.ttf */; };
		9A0715842B6FB60A00C5933A /* ImagesListCell.swift in Sources */ = {isa = PBXBuildFile; fileRef = 9A0715832B6FB60A00C5933A /* ImagesListCell.swift */; };
		9A42AFD52B6E45F600572618 /* AppDelegate.swift in Sources */ = {isa = PBXBuildFile; fileRef = 9A42AFD42B6E45F600572618 /* AppDelegate.swift */; };
		9A42AFD72B6E45F600572618 /* SceneDelegate.swift in Sources */ = {isa = PBXBuildFile; fileRef = 9A42AFD62B6E45F600572618 /* SceneDelegate.swift */; };
		9A42AFD92B6E45F600572618 /* ImagesListViewController.swift in Sources */ = {isa = PBXBuildFile; fileRef = 9A42AFD82B6E45F600572618 /* ImagesListViewController.swift */; };
		9A42AFDC2B6E45F600572618 /* Main.storyboard in Resources */ = {isa = PBXBuildFile; fileRef = 9A42AFDA2B6E45F600572618 /* Main.storyboard */; };
		9A42AFDE2B6E45F700572618 /* Assets.xcassets in Resources */ = {isa = PBXBuildFile; fileRef = 9A42AFDD2B6E45F700572618 /* Assets.xcassets */; };
		9A42AFE12B6E45F700572618 /* LaunchScreen.storyboard in Resources */ = {isa = PBXBuildFile; fileRef = 9A42AFDF2B6E45F700572618 /* LaunchScreen.storyboard */; };
		9AFC09112B7DFF79009A3BAB /* ProfileViewController.swift in Sources */ = {isa = PBXBuildFile; fileRef = 9AFC09102B7DFF79009A3BAB /* ProfileViewController.swift */; };
/* End PBXBuildFile section */

/* Begin PBXFileReference section */
		9A07157F2B6FA41700C5933A /* YS Display-Bold.ttf */ = {isa = PBXFileReference; lastKnownFileType = file; path = "YS Display-Bold.ttf"; sourceTree = "<group>"; };
		9A0715802B6FA42200C5933A /* YS Display-Regular.ttf */ = {isa = PBXFileReference; lastKnownFileType = file; path = "YS Display-Regular.ttf"; sourceTree = "<group>"; };
		9A0715832B6FB60A00C5933A /* ImagesListCell.swift */ = {isa = PBXFileReference; lastKnownFileType = sourcecode.swift; path = ImagesListCell.swift; sourceTree = "<group>"; };
		9A42AFD12B6E45F600572618 /* ImageFeed.app */ = {isa = PBXFileReference; explicitFileType = wrapper.application; includeInIndex = 0; path = ImageFeed.app; sourceTree = BUILT_PRODUCTS_DIR; };
		9A42AFD42B6E45F600572618 /* AppDelegate.swift */ = {isa = PBXFileReference; lastKnownFileType = sourcecode.swift; path = AppDelegate.swift; sourceTree = "<group>"; };
		9A42AFD62B6E45F600572618 /* SceneDelegate.swift */ = {isa = PBXFileReference; lastKnownFileType = sourcecode.swift; path = SceneDelegate.swift; sourceTree = "<group>"; };
		9A42AFD82B6E45F600572618 /* ImagesListViewController.swift */ = {isa = PBXFileReference; lastKnownFileType = sourcecode.swift; path = ImagesListViewController.swift; sourceTree = "<group>"; };
		9A42AFDB2B6E45F600572618 /* Base */ = {isa = PBXFileReference; lastKnownFileType = file.storyboard; name = Base; path = Base.lproj/Main.storyboard; sourceTree = "<group>"; };
		9A42AFDD2B6E45F700572618 /* Assets.xcassets */ = {isa = PBXFileReference; lastKnownFileType = folder.assetcatalog; path = Assets.xcassets; sourceTree = "<group>"; };
		9A42AFE02B6E45F700572618 /* Base */ = {isa = PBXFileReference; lastKnownFileType = file.storyboard; name = Base; path = Base.lproj/LaunchScreen.storyboard; sourceTree = "<group>"; };
		9A42AFE22B6E45F700572618 /* Info.plist */ = {isa = PBXFileReference; lastKnownFileType = text.plist.xml; path = Info.plist; sourceTree = "<group>"; };
		9AFC09102B7DFF79009A3BAB /* ProfileViewController.swift */ = {isa = PBXFileReference; lastKnownFileType = sourcecode.swift; path = ProfileViewController.swift; sourceTree = "<group>"; };
/* End PBXFileReference section */

/* Begin PBXFrameworksBuildPhase section */
		9A42AFCE2B6E45F600572618 /* Frameworks */ = {
			isa = PBXFrameworksBuildPhase;
			buildActionMask = 2147483647;
			files = (
			);
			runOnlyForDeploymentPostprocessing = 0;
		};
/* End PBXFrameworksBuildPhase section */

/* Begin PBXGroup section */
		9A07157E2B6FA40400C5933A /* Fonts */ = {
			isa = PBXGroup;
			children = (
				9A07157F2B6FA41700C5933A /* YS Display-Bold.ttf */,
				9A0715802B6FA42200C5933A /* YS Display-Regular.ttf */,
			);
			path = Fonts;
			sourceTree = "<group>";
		};
		9A0715852B6FB64A00C5933A /* ImageList */ = {
			isa = PBXGroup;
			children = (
				9A42AFD82B6E45F600572618 /* ImagesListViewController.swift */,
				9A0715832B6FB60A00C5933A /* ImagesListCell.swift */,
			);
			path = ImageList;
			sourceTree = "<group>";
		};
		9A3087BE2B6FD1790038DD9F /* Resources */ = {
			isa = PBXGroup;
			children = (
				9A07157E2B6FA40400C5933A /* Fonts */,
				9A42AFDD2B6E45F700572618 /* Assets.xcassets */,
			);
			path = Resources;
			sourceTree = "<group>";
		};
		9A42AFC82B6E45F600572618 = {
			isa = PBXGroup;
			children = (
				9A42AFD32B6E45F600572618 /* ImageFeed */,
				9A42AFD22B6E45F600572618 /* Products */,
			);
			sourceTree = "<group>";
		};
		9A42AFD22B6E45F600572618 /* Products */ = {
			isa = PBXGroup;
			children = (
				9A42AFD12B6E45F600572618 /* ImageFeed.app */,
			);
			name = Products;
			sourceTree = "<group>";
		};
		9A42AFD32B6E45F600572618 /* ImageFeed */ = {
			isa = PBXGroup;
			children = (
				9A7EEBC42B7E112D00F06244 /* Profile */,
				9A0715852B6FB64A00C5933A /* ImageList */,
				9A42AFD42B6E45F600572618 /* AppDelegate.swift */,
				9A42AFD62B6E45F600572618 /* SceneDelegate.swift */,
				9A42AFDA2B6E45F600572618 /* Main.storyboard */,
				9A42AFDF2B6E45F700572618 /* LaunchScreen.storyboard */,
				9A3087BE2B6FD1790038DD9F /* Resources */,
				9A42AFE22B6E45F700572618 /* Info.plist */,
			);
			path = ImageFeed;
			sourceTree = "<group>";
		};
		9A7EEBC42B7E112D00F06244 /* Profile */ = {
			isa = PBXGroup;
			children = (
				9AFC09102B7DFF79009A3BAB /* ProfileViewController.swift */,
			);
			path = Profile;
			sourceTree = "<group>";
		};
/* End PBXGroup section */

/* Begin PBXNativeTarget section */
		9A42AFD02B6E45F600572618 /* ImageFeed */ = {
			isa = PBXNativeTarget;
			buildConfigurationList = 9A42AFE52B6E45F700572618 /* Build configuration list for PBXNativeTarget "ImageFeed" */;
			buildPhases = (
				9A42AFCD2B6E45F600572618 /* Sources */,
				9A42AFCE2B6E45F600572618 /* Frameworks */,
				9A42AFCF2B6E45F600572618 /* Resources */,
			);
			buildRules = (
			);
			dependencies = (
			);
			name = ImageFeed;
			productName = ImageFeed;
			productReference = 9A42AFD12B6E45F600572618 /* ImageFeed.app */;
			productType = "com.apple.product-type.application";
		};
/* End PBXNativeTarget section */

/* Begin PBXProject section */
		9A42AFC92B6E45F600572618 /* Project object */ = {
			isa = PBXProject;
			attributes = {
				BuildIndependentTargetsInParallel = 1;
				LastSwiftUpdateCheck = 1500;
				LastUpgradeCheck = 1500;
				TargetAttributes = {
					9A42AFD02B6E45F600572618 = {
						CreatedOnToolsVersion = 15.0.1;
					};
				};
			};
			buildConfigurationList = 9A42AFCC2B6E45F600572618 /* Build configuration list for PBXProject "ImageFeed" */;
			compatibilityVersion = "Xcode 14.0";
			developmentRegion = en;
			hasScannedForEncodings = 0;
			knownRegions = (
				en,
				Base,
			);
			mainGroup = 9A42AFC82B6E45F600572618;
			productRefGroup = 9A42AFD22B6E45F600572618 /* Products */;
			projectDirPath = "";
			projectRoot = "";
			targets = (
				9A42AFD02B6E45F600572618 /* ImageFeed */,
			);
		};
/* End PBXProject section */

/* Begin PBXResourcesBuildPhase section */
		9A42AFCF2B6E45F600572618 /* Resources */ = {
			isa = PBXResourcesBuildPhase;
			buildActionMask = 2147483647;
			files = (
				9A0715812B6FA4CC00C5933A /* YS Display-Regular.ttf in Resources */,
				9A42AFE12B6E45F700572618 /* LaunchScreen.storyboard in Resources */,
				9A42AFDE2B6E45F700572618 /* Assets.xcassets in Resources */,
				9A42AFDC2B6E45F600572618 /* Main.storyboard in Resources */,
				9A0715822B6FA4CF00C5933A /* YS Display-Bold.ttf in Resources */,
			);
			runOnlyForDeploymentPostprocessing = 0;
		};
/* End PBXResourcesBuildPhase section */

/* Begin PBXSourcesBuildPhase section */
		9A42AFCD2B6E45F600572618 /* Sources */ = {
			isa = PBXSourcesBuildPhase;
			buildActionMask = 2147483647;
			files = (
				9A42AFD92B6E45F600572618 /* ImagesListViewController.swift in Sources */,
				9A0715842B6FB60A00C5933A /* ImagesListCell.swift in Sources */,
				9AFC09112B7DFF79009A3BAB /* ProfileViewController.swift in Sources */,
				9A42AFD52B6E45F600572618 /* AppDelegate.swift in Sources */,
				9A42AFD72B6E45F600572618 /* SceneDelegate.swift in Sources */,
			);
			runOnlyForDeploymentPostprocessing = 0;
		};
/* End PBXSourcesBuildPhase section */

/* Begin PBXVariantGroup section */
		9A42AFDA2B6E45F600572618 /* Main.storyboard */ = {
			isa = PBXVariantGroup;
			children = (
				9A42AFDB2B6E45F600572618 /* Base */,
			);
			name = Main.storyboard;
			sourceTree = "<group>";
		};
		9A42AFDF2B6E45F700572618 /* LaunchScreen.storyboard */ = {
			isa = PBXVariantGroup;
			children = (
				9A42AFE02B6E45F700572618 /* Base */,
			);
			name = LaunchScreen.storyboard;
			sourceTree = "<group>";
		};
/* End PBXVariantGroup section */

/* Begin XCBuildConfiguration section */
		9A42AFE32B6E45F700572618 /* Debug */ = {
			isa = XCBuildConfiguration;
			buildSettings = {
				ALWAYS_SEARCH_USER_PATHS = NO;
				ASSETCATALOG_COMPILER_GENERATE_SWIFT_ASSET_SYMBOL_EXTENSIONS = YES;
				CLANG_ANALYZER_NONNULL = YES;
				CLANG_ANALYZER_NUMBER_OBJECT_CONVERSION = YES_AGGRESSIVE;
				CLANG_CXX_LANGUAGE_STANDARD = "gnu++20";
				CLANG_ENABLE_MODULES = YES;
				CLANG_ENABLE_OBJC_ARC = YES;
				CLANG_ENABLE_OBJC_WEAK = YES;
				CLANG_WARN_BLOCK_CAPTURE_AUTORELEASING = YES;
				CLANG_WARN_BOOL_CONVERSION = YES;
				CLANG_WARN_COMMA = YES;
				CLANG_WARN_CONSTANT_CONVERSION = YES;
				CLANG_WARN_DEPRECATED_OBJC_IMPLEMENTATIONS = YES;
				CLANG_WARN_DIRECT_OBJC_ISA_USAGE = YES_ERROR;
				CLANG_WARN_DOCUMENTATION_COMMENTS = YES;
				CLANG_WARN_EMPTY_BODY = YES;
				CLANG_WARN_ENUM_CONVERSION = YES;
				CLANG_WARN_INFINITE_RECURSION = YES;
				CLANG_WARN_INT_CONVERSION = YES;
				CLANG_WARN_NON_LITERAL_NULL_CONVERSION = YES;
				CLANG_WARN_OBJC_IMPLICIT_RETAIN_SELF = YES;
				CLANG_WARN_OBJC_LITERAL_CONVERSION = YES;
				CLANG_WARN_OBJC_ROOT_CLASS = YES_ERROR;
				CLANG_WARN_QUOTED_INCLUDE_IN_FRAMEWORK_HEADER = YES;
				CLANG_WARN_RANGE_LOOP_ANALYSIS = YES;
				CLANG_WARN_STRICT_PROTOTYPES = YES;
				CLANG_WARN_SUSPICIOUS_MOVE = YES;
				CLANG_WARN_UNGUARDED_AVAILABILITY = YES_AGGRESSIVE;
				CLANG_WARN_UNREACHABLE_CODE = YES;
				CLANG_WARN__DUPLICATE_METHOD_MATCH = YES;
				COPY_PHASE_STRIP = NO;
				DEBUG_INFORMATION_FORMAT = dwarf;
				ENABLE_STRICT_OBJC_MSGSEND = YES;
				ENABLE_TESTABILITY = YES;
				ENABLE_USER_SCRIPT_SANDBOXING = YES;
				GCC_C_LANGUAGE_STANDARD = gnu17;
				GCC_DYNAMIC_NO_PIC = NO;
				GCC_NO_COMMON_BLOCKS = YES;
				GCC_OPTIMIZATION_LEVEL = 0;
				GCC_PREPROCESSOR_DEFINITIONS = (
					"DEBUG=1",
					"$(inherited)",
				);
				GCC_WARN_64_TO_32_BIT_CONVERSION = YES;
				GCC_WARN_ABOUT_RETURN_TYPE = YES_ERROR;
				GCC_WARN_UNDECLARED_SELECTOR = YES;
				GCC_WARN_UNINITIALIZED_AUTOS = YES_AGGRESSIVE;
				GCC_WARN_UNUSED_FUNCTION = YES;
				GCC_WARN_UNUSED_VARIABLE = YES;
				IPHONEOS_DEPLOYMENT_TARGET = 17.0;
				LOCALIZATION_PREFERS_STRING_CATALOGS = YES;
				MTL_ENABLE_DEBUG_INFO = INCLUDE_SOURCE;
				MTL_FAST_MATH = YES;
				ONLY_ACTIVE_ARCH = YES;
				SDKROOT = iphoneos;
				SWIFT_ACTIVE_COMPILATION_CONDITIONS = "DEBUG $(inherited)";
				SWIFT_OPTIMIZATION_LEVEL = "-Onone";
			};
			name = Debug;
		};
		9A42AFE42B6E45F700572618 /* Release */ = {
			isa = XCBuildConfiguration;
			buildSettings = {
				ALWAYS_SEARCH_USER_PATHS = NO;
				ASSETCATALOG_COMPILER_GENERATE_SWIFT_ASSET_SYMBOL_EXTENSIONS = YES;
				CLANG_ANALYZER_NONNULL = YES;
				CLANG_ANALYZER_NUMBER_OBJECT_CONVERSION = YES_AGGRESSIVE;
				CLANG_CXX_LANGUAGE_STANDARD = "gnu++20";
				CLANG_ENABLE_MODULES = YES;
				CLANG_ENABLE_OBJC_ARC = YES;
				CLANG_ENABLE_OBJC_WEAK = YES;
				CLANG_WARN_BLOCK_CAPTURE_AUTORELEASING = YES;
				CLANG_WARN_BOOL_CONVERSION = YES;
				CLANG_WARN_COMMA = YES;
				CLANG_WARN_CONSTANT_CONVERSION = YES;
				CLANG_WARN_DEPRECATED_OBJC_IMPLEMENTATIONS = YES;
				CLANG_WARN_DIRECT_OBJC_ISA_USAGE = YES_ERROR;
				CLANG_WARN_DOCUMENTATION_COMMENTS = YES;
				CLANG_WARN_EMPTY_BODY = YES;
				CLANG_WARN_ENUM_CONVERSION = YES;
				CLANG_WARN_INFINITE_RECURSION = YES;
				CLANG_WARN_INT_CONVERSION = YES;
				CLANG_WARN_NON_LITERAL_NULL_CONVERSION = YES;
				CLANG_WARN_OBJC_IMPLICIT_RETAIN_SELF = YES;
				CLANG_WARN_OBJC_LITERAL_CONVERSION = YES;
				CLANG_WARN_OBJC_ROOT_CLASS = YES_ERROR;
				CLANG_WARN_QUOTED_INCLUDE_IN_FRAMEWORK_HEADER = YES;
				CLANG_WARN_RANGE_LOOP_ANALYSIS = YES;
				CLANG_WARN_STRICT_PROTOTYPES = YES;
				CLANG_WARN_SUSPICIOUS_MOVE = YES;
				CLANG_WARN_UNGUARDED_AVAILABILITY = YES_AGGRESSIVE;
				CLANG_WARN_UNREACHABLE_CODE = YES;
				CLANG_WARN__DUPLICATE_METHOD_MATCH = YES;
				COPY_PHASE_STRIP = NO;
				DEBUG_INFORMATION_FORMAT = "dwarf-with-dsym";
				ENABLE_NS_ASSERTIONS = NO;
				ENABLE_STRICT_OBJC_MSGSEND = YES;
				ENABLE_USER_SCRIPT_SANDBOXING = YES;
				GCC_C_LANGUAGE_STANDARD = gnu17;
				GCC_NO_COMMON_BLOCKS = YES;
				GCC_WARN_64_TO_32_BIT_CONVERSION = YES;
				GCC_WARN_ABOUT_RETURN_TYPE = YES_ERROR;
				GCC_WARN_UNDECLARED_SELECTOR = YES;
				GCC_WARN_UNINITIALIZED_AUTOS = YES_AGGRESSIVE;
				GCC_WARN_UNUSED_FUNCTION = YES;
				GCC_WARN_UNUSED_VARIABLE = YES;
				IPHONEOS_DEPLOYMENT_TARGET = 17.0;
				LOCALIZATION_PREFERS_STRING_CATALOGS = YES;
				MTL_ENABLE_DEBUG_INFO = NO;
				MTL_FAST_MATH = YES;
				SDKROOT = iphoneos;
				SWIFT_COMPILATION_MODE = wholemodule;
				VALIDATE_PRODUCT = YES;
			};
			name = Release;
		};
		9A42AFE62B6E45F700572618 /* Debug */ = {
			isa = XCBuildConfiguration;
			buildSettings = {
				ASSETCATALOG_COMPILER_APPICON_NAME = AppIcon;
				ASSETCATALOG_COMPILER_GLOBAL_ACCENT_COLOR_NAME = AccentColor;
				CODE_SIGN_STYLE = Automatic;
				CURRENT_PROJECT_VERSION = 1;
				DEVELOPMENT_TEAM = 6F23NVP2MQ;
				GENERATE_INFOPLIST_FILE = YES;
				INFOPLIST_FILE = ImageFeed/Info.plist;
				INFOPLIST_KEY_UIApplicationSupportsIndirectInputEvents = YES;
				INFOPLIST_KEY_UILaunchStoryboardName = LaunchScreen;
				INFOPLIST_KEY_UIMainStoryboardFile = Main;
				INFOPLIST_KEY_UISupportedInterfaceOrientations = UIInterfaceOrientationPortrait;
				IPHONEOS_DEPLOYMENT_TARGET = 13.0;
				LD_RUNPATH_SEARCH_PATHS = (
					"$(inherited)",
					"@executable_path/Frameworks",
				);
				MARKETING_VERSION = 1.0;
				PRODUCT_BUNDLE_IDENTIFIER = barahaeva.ImageFeed;
				PRODUCT_NAME = "$(TARGET_NAME)";
				SUPPORTED_PLATFORMS = "iphoneos iphonesimulator";
				SUPPORTS_MACCATALYST = NO;
				SWIFT_EMIT_LOC_STRINGS = YES;
				SWIFT_VERSION = 5.0;
				TARGETED_DEVICE_FAMILY = 1;
			};
			name = Debug;
		};
		9A42AFE72B6E45F700572618 /* Release */ = {
			isa = XCBuildConfiguration;
			buildSettings = {
				ASSETCATALOG_COMPILER_APPICON_NAME = AppIcon;
				ASSETCATALOG_COMPILER_GLOBAL_ACCENT_COLOR_NAME = AccentColor;
				CODE_SIGN_STYLE = Automatic;
				CURRENT_PROJECT_VERSION = 1;
				DEVELOPMENT_TEAM = 6F23NVP2MQ;
				GENERATE_INFOPLIST_FILE = YES;
				INFOPLIST_FILE = ImageFeed/Info.plist;
				INFOPLIST_KEY_UIApplicationSupportsIndirectInputEvents = YES;
				INFOPLIST_KEY_UILaunchStoryboardName = LaunchScreen;
				INFOPLIST_KEY_UIMainStoryboardFile = Main;
				INFOPLIST_KEY_UISupportedInterfaceOrientations = UIInterfaceOrientationPortrait;
				IPHONEOS_DEPLOYMENT_TARGET = 13.0;
				LD_RUNPATH_SEARCH_PATHS = (
					"$(inherited)",
					"@executable_path/Frameworks",
				);
				MARKETING_VERSION = 1.0;
				PRODUCT_BUNDLE_IDENTIFIER = barahaeva.ImageFeed;
				PRODUCT_NAME = "$(TARGET_NAME)";
				SUPPORTED_PLATFORMS = "iphoneos iphonesimulator";
				SUPPORTS_MACCATALYST = NO;
				SWIFT_EMIT_LOC_STRINGS = YES;
				SWIFT_VERSION = 5.0;
				TARGETED_DEVICE_FAMILY = 1;
			};
			name = Release;
		};
/* End XCBuildConfiguration section */

/* Begin XCConfigurationList section */
		9A42AFCC2B6E45F600572618 /* Build configuration list for PBXProject "ImageFeed" */ = {
			isa = XCConfigurationList;
			buildConfigurations = (
				9A42AFE32B6E45F700572618 /* Debug */,
				9A42AFE42B6E45F700572618 /* Release */,
			);
			defaultConfigurationIsVisible = 0;
			defaultConfigurationName = Release;
		};
		9A42AFE52B6E45F700572618 /* Build configuration list for PBXNativeTarget "ImageFeed" */ = {
			isa = XCConfigurationList;
			buildConfigurations = (
				9A42AFE62B6E45F700572618 /* Debug */,
				9A42AFE72B6E45F700572618 /* Release */,
			);
			defaultConfigurationIsVisible = 0;
			defaultConfigurationName = Release;
		};
/* End XCConfigurationList section */
	};
	rootObject = 9A42AFC92B6E45F600572618 /* Project object */;
}
